
Microsoft Visual Studio Solution File, Format Version 12.00
# Visual Studio Version 16
VisualStudioVersion = 16.0.30204.135
MinimumVisualStudioVersion = 10.0.40219.1
# Project("{9A19103F-16F7-4668-BE54-9A1E7A4F7556}") = "Kentico.Kontent.Recommendations.CookieHelper", "Recommendations.SDK.CookieHelper\Kentico.Kontent.Recommendations.CookieHelper.csproj", "{3305E2D2-C398-4D56-9E3B-1BE299502FE3}"
# EndProject
Project("{9A19103F-16F7-4668-BE54-9A1E7A4F7556}") = "Kentico.Kontent.Recommendations", "Recommendations.SDK\Kentico.Kontent.Recommendations.csproj", "{C7BF0DCE-6004-4B3A-90BC-9D8C6E99128F}"
EndProject
Global
	GlobalSection(SolutionConfigurationPlatforms) = preSolution
		Debug|Any CPU = Debug|Any CPU
		Release|Any CPU = Release|Any CPU
	EndGlobalSection
	GlobalSection(ProjectConfigurationPlatforms) = postSolution
		{3305E2D2-C398-4D56-9E3B-1BE299502FE3}.Debug|Any CPU.ActiveCfg = Debug|Any CPU
		{3305E2D2-C398-4D56-9E3B-1BE299502FE3}.Debug|Any CPU.Build.0 = Debug|Any CPU
		{3305E2D2-C398-4D56-9E3B-1BE299502FE3}.Release|Any CPU.ActiveCfg = Release|Any CPU
		{3305E2D2-C398-4D56-9E3B-1BE299502FE3}.Release|Any CPU.Build.0 = Release|Any CPU
		{C7BF0DCE-6004-4B3A-90BC-9D8C6E99128F}.Debug|Any CPU.ActiveCfg = Debug|Any CPU
		{C7BF0DCE-6004-4B3A-90BC-9D8C6E99128F}.Debug|Any CPU.Build.0 = Debug|Any CPU
		{C7BF0DCE-6004-4B3A-90BC-9D8C6E99128F}.Release|Any CPU.ActiveCfg = Release|Any CPU
		{C7BF0DCE-6004-4B3A-90BC-9D8C6E99128F}.Release|Any CPU.Build.0 = Release|Any CPU
	EndGlobalSection
	GlobalSection(SolutionProperties) = preSolution
		HideSolutionNode = FALSE
	EndGlobalSection
	GlobalSection(ExtensibilityGlobals) = postSolution
		SolutionGuid = {6BE3F410-F509-4D8C-8651-0274C87FE3EA}
	EndGlobalSection
EndGlobal
